
Microsoft Visual Studio Solution File, Format Version 12.00
# Visual Studio Version 16
VisualStudioVersion = 16.0.30907.101
MinimumVisualStudioVersion = 10.0.40219.1
Project("{9A19103F-16F7-4668-BE54-9A1E7A4F7556}") = "SufficitBase", "SufficitBase.csproj", "{3CC6D9EF-BD6E-4E65-BE2B-523E80334A01}"
EndProject
Global
	GlobalSection(SolutionConfigurationPlatforms) = preSolution
		Debug|Any CPU = Debug|Any CPU
		Release|Any CPU = Release|Any CPU
	EndGlobalSection
	GlobalSection(ProjectConfigurationPlatforms) = postSolution
		{3CC6D9EF-BD6E-4E65-BE2B-523E80334A01}.Debug|Any CPU.ActiveCfg = Debug|Any CPU
		{3CC6D9EF-BD6E-4E65-BE2B-523E80334A01}.Debug|Any CPU.Build.0 = Debug|Any CPU
		{3CC6D9EF-BD6E-4E65-BE2B-523E80334A01}.Release|Any CPU.ActiveCfg = Release|Any CPU
		{3CC6D9EF-BD6E-4E65-BE2B-523E80334A01}.Release|Any CPU.Build.0 = Release|Any CPU
	EndGlobalSection
	GlobalSection(SolutionProperties) = preSolution
		HideSolutionNode = FALSE
	EndGlobalSection
	GlobalSection(ExtensibilityGlobals) = postSolution
		SolutionGuid = {A6E1A834-B42D-4B6A-B4F6-91FB1B152A60}
	EndGlobalSection
EndGlobal
